// !$*UTF8*$!
{
	archiveVersion = 1;
	classes = {
	};
	objectVersion = 50;
	objects = {

/* Begin PBXBuildFile section */
		89BEDD0621AEABB200FC839D /* AppDelegate.swift in Sources */ = {isa = PBXBuildFile; fileRef = 89BEDD0521AEABB200FC839D /* AppDelegate.swift */; };
		89BEDD0821AEABB200FC839D /* KVC_ViewController.swift in Sources */ = {isa = PBXBuildFile; fileRef = 89BEDD0721AEABB200FC839D /* KVC_ViewController.swift */; };
		89BEDD0B21AEABB200FC839D /* Main.storyboard in Resources */ = {isa = PBXBuildFile; fileRef = 89BEDD0921AEABB200FC839D /* Main.storyboard */; };
		89BEDD0D21AEABB400FC839D /* Assets.xcassets in Resources */ = {isa = PBXBuildFile; fileRef = 89BEDD0C21AEABB400FC839D /* Assets.xcassets */; };
		89BEDD1021AEABB400FC839D /* LaunchScreen.storyboard in Resources */ = {isa = PBXBuildFile; fileRef = 89BEDD0E21AEABB400FC839D /* LaunchScreen.storyboard */; };
		89BEDD1821AEABE000FC839D /* Children.swift in Sources */ = {isa = PBXBuildFile; fileRef = 89BEDD1721AEABE000FC839D /* Children.swift */; };
		89BEDD1A21AEBB4500FC839D /* KVO_ViewController.swift in Sources */ = {isa = PBXBuildFile; fileRef = 89BEDD1921AEBB4500FC839D /* KVO_ViewController.swift */; };
		89BEDD1C21AEC68500FC839D /* KVO_Context_ViewController.swift in Sources */ = {isa = PBXBuildFile; fileRef = 89BEDD1B21AEC68500FC839D /* KVO_Context_ViewController.swift */; };
/* End PBXBuildFile section */

/* Begin PBXFileReference section */
		89BEDD0221AEABB200FC839D /* KVC KVO.app */ = {isa = PBXFileReference; explicitFileType = wrapper.application; includeInIndex = 0; path = "KVC KVO.app"; sourceTree = BUILT_PRODUCTS_DIR; };
		89BEDD0521AEABB200FC839D /* AppDelegate.swift */ = {isa = PBXFileReference; lastKnownFileType = sourcecode.swift; path = AppDelegate.swift; sourceTree = "<group>"; };
		89BEDD0721AEABB200FC839D /* KVC_ViewController.swift */ = {isa = PBXFileReference; lastKnownFileType = sourcecode.swift; path = KVC_ViewController.swift; sourceTree = "<group>"; };
		89BEDD0A21AEABB200FC839D /* Base */ = {isa = PBXFileReference; lastKnownFileType = file.storyboard; name = Base; path = Base.lproj/Main.storyboard; sourceTree = "<group>"; };
		89BEDD0C21AEABB400FC839D /* Assets.xcassets */ = {isa = PBXFileReference; lastKnownFileType = folder.assetcatalog; path = Assets.xcassets; sourceTree = "<group>"; };
		89BEDD0F21AEABB400FC839D /* Base */ = {isa = PBXFileReference; lastKnownFileType = file.storyboard; name = Base; path = Base.lproj/LaunchScreen.storyboard; sourceTree = "<group>"; };
		89BEDD1121AEABB400FC839D /* Info.plist */ = {isa = PBXFileReference; lastKnownFileType = text.plist.xml; path = Info.plist; sourceTree = "<group>"; };
		89BEDD1721AEABE000FC839D /* Children.swift */ = {isa = PBXFileReference; lastKnownFileType = sourcecode.swift; path = Children.swift; sourceTree = "<group>"; };
		89BEDD1921AEBB4500FC839D /* KVO_ViewController.swift */ = {isa = PBXFileReference; lastKnownFileType = sourcecode.swift; path = KVO_ViewController.swift; sourceTree = "<group>"; };
		89BEDD1B21AEC68500FC839D /* KVO_Context_ViewController.swift */ = {isa = PBXFileReference; lastKnownFileType = sourcecode.swift; path = KVO_Context_ViewController.swift; sourceTree = "<group>"; };
/* End PBXFileReference section */

/* Begin PBXFrameworksBuildPhase section */
		89BEDCFF21AEABB200FC839D /* Frameworks */ = {
			isa = PBXFrameworksBuildPhase;
			buildActionMask = 2147483647;
			files = (
			);
			runOnlyForDeploymentPostprocessing = 0;
		};
/* End PBXFrameworksBuildPhase section */

/* Begin PBXGroup section */
		89BEDCF921AEABB200FC839D = {
			isa = PBXGroup;
			children = (
				89BEDD0421AEABB200FC839D /* KVC KVO */,
				89BEDD0321AEABB200FC839D /* Products */,
			);
			sourceTree = "<group>";
		};
		89BEDD0321AEABB200FC839D /* Products */ = {
			isa = PBXGroup;
			children = (
				89BEDD0221AEABB200FC839D /* KVC KVO.app */,
			);
			name = Products;
			sourceTree = "<group>";
		};
		89BEDD0421AEABB200FC839D /* KVC KVO */ = {
			isa = PBXGroup;
			children = (
				89BEDD0521AEABB200FC839D /* AppDelegate.swift */,
				89BEDD0721AEABB200FC839D /* KVC_ViewController.swift */,
				89BEDD1921AEBB4500FC839D /* KVO_ViewController.swift */,
				89BEDD1B21AEC68500FC839D /* KVO_Context_ViewController.swift */,
				89BEDD1721AEABE000FC839D /* Children.swift */,
				89BEDD0921AEABB200FC839D /* Main.storyboard */,
				89BEDD0C21AEABB400FC839D /* Assets.xcassets */,
				89BEDD0E21AEABB400FC839D /* LaunchScreen.storyboard */,
				89BEDD1121AEABB400FC839D /* Info.plist */,
			);
			path = "KVC KVO";
			sourceTree = "<group>";
		};
/* End PBXGroup section */

/* Begin PBXNativeTarget section */
		89BEDD0121AEABB200FC839D /* KVC KVO */ = {
			isa = PBXNativeTarget;
			buildConfigurationList = 89BEDD1421AEABB400FC839D /* Build configuration list for PBXNativeTarget "KVC KVO" */;
			buildPhases = (
				89BEDCFE21AEABB200FC839D /* Sources */,
				89BEDCFF21AEABB200FC839D /* Frameworks */,
				89BEDD0021AEABB200FC839D /* Resources */,
			);
			buildRules = (
			);
			dependencies = (
			);
			name = "KVC KVO";
			productName = "KVC KVO";
			productReference = 89BEDD0221AEABB200FC839D /* KVC KVO.app */;
			productType = "com.apple.product-type.application";
		};
/* End PBXNativeTarget section */

/* Begin PBXProject section */
		89BEDCFA21AEABB200FC839D /* Project object */ = {
			isa = PBXProject;
			attributes = {
				LastSwiftUpdateCheck = 1000;
				LastUpgradeCheck = 1000;
				ORGANIZATIONNAME = MyOrg;
				TargetAttributes = {
					89BEDD0121AEABB200FC839D = {
						CreatedOnToolsVersion = 10.0;
					};
				};
			};
			buildConfigurationList = 89BEDCFD21AEABB200FC839D /* Build configuration list for PBXProject "KVC KVO" */;
			compatibilityVersion = "Xcode 9.3";
			developmentRegion = en;
			hasScannedForEncodings = 0;
			knownRegions = (
				en,
				Base,
			);
			mainGroup = 89BEDCF921AEABB200FC839D;
			productRefGroup = 89BEDD0321AEABB200FC839D /* Products */;
			projectDirPath = "";
			projectRoot = "";
			targets = (
				89BEDD0121AEABB200FC839D /* KVC KVO */,
			);
		};
/* End PBXProject section */

/* Begin PBXResourcesBuildPhase section */
		89BEDD0021AEABB200FC839D /* Resources */ = {
			isa = PBXResourcesBuildPhase;
			buildActionMask = 2147483647;
			files = (
				89BEDD1021AEABB400FC839D /* LaunchScreen.storyboard in Resources */,
				89BEDD0D21AEABB400FC839D /* Assets.xcassets in Resources */,
				89BEDD0B21AEABB200FC839D /* Main.storyboard in Resources */,
			);
			runOnlyForDeploymentPostprocessing = 0;
		};
/* End PBXResourcesBuildPhase section */

/* Begin PBXSourcesBuildPhase section */
		89BEDCFE21AEABB200FC839D /* Sources */ = {
			isa = PBXSourcesBuildPhase;
			buildActionMask = 2147483647;
			files = (
				89BEDD1821AEABE000FC839D /* Children.swift in Sources */,
				89BEDD1A21AEBB4500FC839D /* KVO_ViewController.swift in Sources */,
				89BEDD0821AEABB200FC839D /* KVC_ViewController.swift in Sources */,
				89BEDD0621AEABB200FC839D /* AppDelegate.swift in Sources */,
				89BEDD1C21AEC68500FC839D /* KVO_Context_ViewController.swift in Sources */,
			);
			runOnlyForDeploymentPostprocessing = 0;
		};
/* End PBXSourcesBuildPhase section */

/* Begin PBXVariantGroup section */
		89BEDD0921AEABB200FC839D /* Main.storyboard */ = {
			isa = PBXVariantGroup;
			children = (
				89BEDD0A21AEABB200FC839D /* Base */,
			);
			name = Main.storyboard;
			sourceTree = "<group>";
		};
		89BEDD0E21AEABB400FC839D /* LaunchScreen.storyboard */ = {
			isa = PBXVariantGroup;
			children = (
				89BEDD0F21AEABB400FC839D /* Base */,
			);
			name = LaunchScreen.storyboard;
			sourceTree = "<group>";
		};
/* End PBXVariantGroup section */

/* Begin XCBuildConfiguration section */
		89BEDD1221AEABB400FC839D /* Debug */ = {
			isa = XCBuildConfiguration;
			buildSettings = {
				ALWAYS_SEARCH_USER_PATHS = NO;
				CLANG_ANALYZER_NONNULL = YES;
				CLANG_ANALYZER_NUMBER_OBJECT_CONVERSION = YES_AGGRESSIVE;
				CLANG_CXX_LANGUAGE_STANDARD = "gnu++14";
				CLANG_CXX_LIBRARY = "libc++";
				CLANG_ENABLE_MODULES = YES;
				CLANG_ENABLE_OBJC_ARC = YES;
				CLANG_ENABLE_OBJC_WEAK = YES;
				CLANG_WARN_BLOCK_CAPTURE_AUTORELEASING = YES;
				CLANG_WARN_BOOL_CONVERSION = YES;
				CLANG_WARN_COMMA = YES;
				CLANG_WARN_CONSTANT_CONVERSION = YES;
				CLANG_WARN_DEPRECATED_OBJC_IMPLEMENTATIONS = YES;
				CLANG_WARN_DIRECT_OBJC_ISA_USAGE = YES_ERROR;
				CLANG_WARN_DOCUMENTATION_COMMENTS = YES;
				CLANG_WARN_EMPTY_BODY = YES;
				CLANG_WARN_ENUM_CONVERSION = YES;
				CLANG_WARN_INFINITE_RECURSION = YES;
				CLANG_WARN_INT_CONVERSION = YES;
				CLANG_WARN_NON_LITERAL_NULL_CONVERSION = YES;
				CLANG_WARN_OBJC_IMPLICIT_RETAIN_SELF = YES;
				CLANG_WARN_OBJC_LITERAL_CONVERSION = YES;
				CLANG_WARN_OBJC_ROOT_CLASS = YES_ERROR;
				CLANG_WARN_RANGE_LOOP_ANALYSIS = YES;
				CLANG_WARN_STRICT_PROTOTYPES = YES;
				CLANG_WARN_SUSPICIOUS_MOVE = YES;
				CLANG_WARN_UNGUARDED_AVAILABILITY = YES_AGGRESSIVE;
				CLANG_WARN_UNREACHABLE_CODE = YES;
				CLANG_WARN__DUPLICATE_METHOD_MATCH = YES;
				CODE_SIGN_IDENTITY = "iPhone Developer";
				COPY_PHASE_STRIP = NO;
				DEBUG_INFORMATION_FORMAT = dwarf;
				ENABLE_STRICT_OBJC_MSGSEND = YES;
				ENABLE_TESTABILITY = YES;
				GCC_C_LANGUAGE_STANDARD = gnu11;
				GCC_DYNAMIC_NO_PIC = NO;
				GCC_NO_COMMON_BLOCKS = YES;
				GCC_OPTIMIZATION_LEVEL = 0;
				GCC_PREPROCESSOR_DEFINITIONS = (
					"DEBUG=1",
					"$(inherited)",
				);
				GCC_WARN_64_TO_32_BIT_CONVERSION = YES;
				GCC_WARN_ABOUT_RETURN_TYPE = YES_ERROR;
				GCC_WARN_UNDECLARED_SELECTOR = YES;
				GCC_WARN_UNINITIALIZED_AUTOS = YES_AGGRESSIVE;
				GCC_WARN_UNUSED_FUNCTION = YES;
				GCC_WARN_UNUSED_VARIABLE = YES;
				IPHONEOS_DEPLOYMENT_TARGET = 12.0;
				MTL_ENABLE_DEBUG_INFO = INCLUDE_SOURCE;
				MTL_FAST_MATH = YES;
				ONLY_ACTIVE_ARCH = YES;
				SDKROOT = iphoneos;
				SWIFT_ACTIVE_COMPILATION_CONDITIONS = DEBUG;
				SWIFT_OPTIMIZATION_LEVEL = "-Onone";
			};
			name = Debug;
		};
		89BEDD1321AEABB400FC839D /* Release */ = {
			isa = XCBuildConfiguration;
			buildSettings = {
				ALWAYS_SEARCH_USER_PATHS = NO;
				CLANG_ANALYZER_NONNULL = YES;
				CLANG_ANALYZER_NUMBER_OBJECT_CONVERSION = YES_AGGRESSIVE;
				CLANG_CXX_LANGUAGE_STANDARD = "gnu++14";
				CLANG_CXX_LIBRARY = "libc++";
				CLANG_ENABLE_MODULES = YES;
				CLANG_ENABLE_OBJC_ARC = YES;
				CLANG_ENABLE_OBJC_WEAK = YES;
				CLANG_WARN_BLOCK_CAPTURE_AUTORELEASING = YES;
				CLANG_WARN_BOOL_CONVERSION = YES;
				CLANG_WARN_COMMA = YES;
				CLANG_WARN_CONSTANT_CONVERSION = YES;
				CLANG_WARN_DEPRECATED_OBJC_IMPLEMENTATIONS = YES;
				CLANG_WARN_DIRECT_OBJC_ISA_USAGE = YES_ERROR;
				CLANG_WARN_DOCUMENTATION_COMMENTS = YES;
				CLANG_WARN_EMPTY_BODY = YES;
				CLANG_WARN_ENUM_CONVERSION = YES;
				CLANG_WARN_INFINITE_RECURSION = YES;
				CLANG_WARN_INT_CONVERSION = YES;
				CLANG_WARN_NON_LITERAL_NULL_CONVERSION = YES;
				CLANG_WARN_OBJC_IMPLICIT_RETAIN_SELF = YES;
				CLANG_WARN_OBJC_LITERAL_CONVERSION = YES;
				CLANG_WARN_OBJC_ROOT_CLASS = YES_ERROR;
				CLANG_WARN_RANGE_LOOP_ANALYSIS = YES;
				CLANG_WARN_STRICT_PROTOTYPES = YES;
				CLANG_WARN_SUSPICIOUS_MOVE = YES;
				CLANG_WARN_UNGUARDED_AVAILABILITY = YES_AGGRESSIVE;
				CLANG_WARN_UNREACHABLE_CODE = YES;
				CLANG_WARN__DUPLICATE_METHOD_MATCH = YES;
				CODE_SIGN_IDENTITY = "iPhone Developer";
				COPY_PHASE_STRIP = NO;
				DEBUG_INFORMATION_FORMAT = "dwarf-with-dsym";
				ENABLE_NS_ASSERTIONS = NO;
				ENABLE_STRICT_OBJC_MSGSEND = YES;
				GCC_C_LANGUAGE_STANDARD = gnu11;
				GCC_NO_COMMON_BLOCKS = YES;
				GCC_WARN_64_TO_32_BIT_CONVERSION = YES;
				GCC_WARN_ABOUT_RETURN_TYPE = YES_ERROR;
				GCC_WARN_UNDECLARED_SELECTOR = YES;
				GCC_WARN_UNINITIALIZED_AUTOS = YES_AGGRESSIVE;
				GCC_WARN_UNUSED_FUNCTION = YES;
				GCC_WARN_UNUSED_VARIABLE = YES;
				IPHONEOS_DEPLOYMENT_TARGET = 12.0;
				MTL_ENABLE_DEBUG_INFO = NO;
				MTL_FAST_MATH = YES;
				SDKROOT = iphoneos;
				SWIFT_COMPILATION_MODE = wholemodule;
				SWIFT_OPTIMIZATION_LEVEL = "-O";
				VALIDATE_PRODUCT = YES;
			};
			name = Release;
		};
		89BEDD1521AEABB400FC839D /* Debug */ = {
			isa = XCBuildConfiguration;
			buildSettings = {
				ASSETCATALOG_COMPILER_APPICON_NAME = AppIcon;
				CODE_SIGN_STYLE = Automatic;
				DEVELOPMENT_TEAM = H28X75MLUY;
				INFOPLIST_FILE = "KVC KVO/Info.plist";
				LD_RUNPATH_SEARCH_PATHS = (
					"$(inherited)",
					"@executable_path/Frameworks",
				);
				PRODUCT_BUNDLE_IDENTIFIER = "com.myCompany.KVC-KVO";
				PRODUCT_NAME = "$(TARGET_NAME)";
				SWIFT_VERSION = 4.2;
				TARGETED_DEVICE_FAMILY = "1,2";
			};
			name = Debug;
		};
		89BEDD1621AEABB400FC839D /* Release */ = {
			isa = XCBuildConfiguration;
			buildSettings = {
				ASSETCATALOG_COMPILER_APPICON_NAME = AppIcon;
				CODE_SIGN_STYLE = Automatic;
				DEVELOPMENT_TEAM = H28X75MLUY;
				INFOPLIST_FILE = "KVC KVO/Info.plist";
				LD_RUNPATH_SEARCH_PATHS = (
					"$(inherited)",
					"@executable_path/Frameworks",
				);
				PRODUCT_BUNDLE_IDENTIFIER = "com.myCompany.KVC-KVO";
				PRODUCT_NAME = "$(TARGET_NAME)";
				SWIFT_VERSION = 4.2;
				TARGETED_DEVICE_FAMILY = "1,2";
			};
			name = Release;
		};
/* End XCBuildConfiguration section */

/* Begin XCConfigurationList section */
		89BEDCFD21AEABB200FC839D /* Build configuration list for PBXProject "KVC KVO" */ = {
			isa = XCConfigurationList;
			buildConfigurations = (
				89BEDD1221AEABB400FC839D /* Debug */,
				89BEDD1321AEABB400FC839D /* Release */,
			);
			defaultConfigurationIsVisible = 0;
			defaultConfigurationName = Release;
		};
		89BEDD1421AEABB400FC839D /* Build configuration list for PBXNativeTarget "KVC KVO" */ = {
			isa = XCConfigurationList;
			buildConfigurations = (
				89BEDD1521AEABB400FC839D /* Debug */,
				89BEDD1621AEABB400FC839D /* Release */,
			);
			defaultConfigurationIsVisible = 0;
			defaultConfigurationName = Release;
		};
/* End XCConfigurationList section */
	};
	rootObject = 89BEDCFA21AEABB200FC839D /* Project object */;
}
